
Microsoft Visual Studio Solution File, Format Version 12.00
# Visual Studio Version 16
VisualStudioVersion = 16.0.31321.278
MinimumVisualStudioVersion = 10.0.40219.1
Project("{FAE04EC0-301F-11D3-BF4B-00C04F79EFBC}") = "TH_LTWebLab04_05_06", "TH_LTWebLab04_05_06.csproj", "{CFEDDA39-469C-42F6-BD34-A173963432A9}"
EndProject
Global
	GlobalSection(SolutionConfigurationPlatforms) = preSolution
		Debug|Any CPU = Debug|Any CPU
		Release|Any CPU = Release|Any CPU
	EndGlobalSection
	GlobalSection(ProjectConfigurationPlatforms) = postSolution
		{CFEDDA39-469C-42F6-BD34-A173963432A9}.Debug|Any CPU.ActiveCfg = Debug|Any CPU
		{CFEDDA39-469C-42F6-BD34-A173963432A9}.Debug|Any CPU.Build.0 = Debug|Any CPU
		{CFEDDA39-469C-42F6-BD34-A173963432A9}.Release|Any CPU.ActiveCfg = Release|Any CPU
		{CFEDDA39-469C-42F6-BD34-A173963432A9}.Release|Any CPU.Build.0 = Release|Any CPU
	EndGlobalSection
	GlobalSection(SolutionProperties) = preSolution
		HideSolutionNode = FALSE
	EndGlobalSection
	GlobalSection(ExtensibilityGlobals) = postSolution
		SolutionGuid = {958E3822-8244-4FD6-84A2-8DD395326843}
	EndGlobalSection
EndGlobal
